
Microsoft Visual Studio Solution File, Format Version 12.00
# Visual Studio Version 17
VisualStudioVersion = 17.5.33502.453
MinimumVisualStudioVersion = 10.0.40219.1
Project("{FAE04EC0-301F-11D3-BF4B-00C04F79EFBC}") = "SchoolProject", "SchoolProject\SchoolProject.csproj", "{F678884C-8AA8-4E27-B1F4-5BDBF3C8764F}"
EndProject
Global
	GlobalSection(SolutionConfigurationPlatforms) = preSolution
		Debug|Any CPU = Debug|Any CPU
		Release|Any CPU = Release|Any CPU
	EndGlobalSection
	GlobalSection(ProjectConfigurationPlatforms) = postSolution
		{F678884C-8AA8-4E27-B1F4-5BDBF3C8764F}.Debug|Any CPU.ActiveCfg = Debug|Any CPU
		{F678884C-8AA8-4E27-B1F4-5BDBF3C8764F}.Debug|Any CPU.Build.0 = Debug|Any CPU
		{F678884C-8AA8-4E27-B1F4-5BDBF3C8764F}.Release|Any CPU.ActiveCfg = Release|Any CPU
		{F678884C-8AA8-4E27-B1F4-5BDBF3C8764F}.Release|Any CPU.Build.0 = Release|Any CPU
	EndGlobalSection
	GlobalSection(SolutionProperties) = preSolution
		HideSolutionNode = FALSE
	EndGlobalSection
	GlobalSection(ExtensibilityGlobals) = postSolution
		SolutionGuid = {FC074CD0-7C83-4CCE-AAD1-7F6559476833}
	EndGlobalSection
EndGlobal
